// !$*UTF8*$!
{
	archiveVersion = 1;
	classes = {
	};
	objectVersion = 60;
	objects = {

/* Begin PBXBuildFile section */
		2A2B3C0000000000000004BB /* MarkdownEngineDemoiOSApp.swift in Sources */ = {isa = PBXBuildFile; fileRef = 2A2B3C0000000000000004AA /* MarkdownEngineDemoiOSApp.swift */; };
		2A2B3C0000000000000005BB /* ContentView.swift in Sources */ = {isa = PBXBuildFile; fileRef = 2A2B3C0000000000000005AA /* ContentView.swift */; };
		2A2B3C0000000000000007CC /* MarkdownEngine in Frameworks */ = {isa = PBXBuildFile; productRef = 2A2B3C0000000000000007BB /* MarkdownEngine */; };
		2A2B3C0000000000000008CC /* MarkdownEngineCodeBlocks in Frameworks */ = {isa = PBXBuildFile; productRef = 2A2B3C0000000000000008BB /* MarkdownEngineCodeBlocks */; };
		2A2B3C0000000000000009CC /* MarkdownEngineLatex in Frameworks */ = {isa = PBXBuildFile; productRef = 2A2B3C0000000000000009BB /* MarkdownEngineLatex */; };
/* End PBXBuildFile section */

/* Begin PBXFileReference section */
		2A2B3C0000000000000003DD /* MarkdownEngineDemoiOS.app */ = {isa = PBXFileReference; explicitFileType = wrapper.application; includeInIndex = 0; path = MarkdownEngineDemoiOS.app; sourceTree = BUILT_PRODUCTS_DIR; };
		2A2B3C0000000000000004AA /* MarkdownEngineDemoiOSApp.swift */ = {isa = PBXFileReference; lastKnownFileType = sourcecode.swift; path = MarkdownEngineDemoiOSApp.swift; sourceTree = "<group>"; };
		2A2B3C0000000000000005AA /* ContentView.swift */ = {isa = PBXFileReference; lastKnownFileType = sourcecode.swift; path = ContentView.swift; sourceTree = "<group>"; };
/* End PBXFileReference section */

/* Begin PBXFrameworksBuildPhase section */
		2A2B3C0000000000000003BB /* Frameworks */ = {
			isa = PBXFrameworksBuildPhase;
			buildActionMask = 2147483647;
			files = (
				2A2B3C0000000000000007CC /* MarkdownEngine in Frameworks */,
				2A2B3C0000000000000008CC /* MarkdownEngineCodeBlocks in Frameworks */,
				2A2B3C0000000000000009CC /* MarkdownEngineLatex in Frameworks */,
			);
			runOnlyForDeploymentPostprocessing = 0;
		};
/* End PBXFrameworksBuildPhase section */

/* Begin PBXGroup section */
		2A2B3C0000000000000001BB = {
			isa = PBXGroup;
			children = (
				2A2B3C0000000000000001DD /* MarkdownEngineDemoiOS */,
				2A2B3C0000000000000001CC /* Products */,
			);
			sourceTree = "<group>";
		};
		2A2B3C0000000000000001CC /* Products */ = {
			isa = PBXGroup;
			children = (
				2A2B3C0000000000000003DD /* MarkdownEngineDemoiOS.app */,
			);
			name = Products;
			sourceTree = "<group>";
		};
		2A2B3C0000000000000001DD /* MarkdownEngineDemoiOS */ = {
			isa = PBXGroup;
			children = (
				2A2B3C0000000000000004AA /* MarkdownEngineDemoiOSApp.swift */,
				2A2B3C0000000000000005AA /* ContentView.swift */,
			);
			path = MarkdownEngineDemoiOS;
			sourceTree = "<group>";
		};
/* End PBXGroup section */

/* Begin PBXNativeTarget section */
		2A2B3C0000000000000001EE /* MarkdownEngineDemoiOS */ = {
			isa = PBXNativeTarget;
			buildConfigurationList = 2A2B3C0000000000000001FF /* Build configuration list for PBXNativeTarget "MarkdownEngineDemoiOS" */;
			buildPhases = (
				2A2B3C0000000000000003AA /* Sources */,
				2A2B3C0000000000000003BB /* Frameworks */,
				2A2B3C0000000000000003CC /* Resources */,
			);
			buildRules = (
			);
			dependencies = (
			);
			name = MarkdownEngineDemoiOS;
			packageProductDependencies = (
				2A2B3C0000000000000007BB /* MarkdownEngine */,
				2A2B3C0000000000000008BB /* MarkdownEngineCodeBlocks */,
				2A2B3C0000000000000009BB /* MarkdownEngineLatex */,
			);
			productName = MarkdownEngineDemoiOS;
			productReference = 2A2B3C0000000000000003DD /* MarkdownEngineDemoiOS.app */;
			productType = "com.apple.product-type.application";
		};
/* End PBXNativeTarget section */

/* Begin PBXProject section */
		2A2B3C0000000000000001AA /* Project object */ = {
			isa = PBXProject;
			attributes = {
				BuildIndependentTargetsInParallel = 1;
				LastSwiftUpdateCheck = 1500;
				LastUpgradeCheck = 1500;
				TargetAttributes = {
					2A2B3C0000000000000001EE = {
						CreatedOnToolsVersion = 15.0;
					};
				};
			};
			buildConfigurationList = 2A2B3C0000000000000002AA /* Build configuration list for PBXProject "MarkdownEngineDemoiOS" */;
			compatibilityVersion = "Xcode 14.0";
			developmentRegion = en;
			hasScannedForEncodings = 0;
			knownRegions = (
				en,
				Base,
			);
			mainGroup = 2A2B3C0000000000000001BB;
			packageReferences = (
				2A2B3C0000000000000007AA /* XCLocalSwiftPackageReference ".." */,
			);
			productRefGroup = 2A2B3C0000000000000001CC /* Products */;
			projectDirPath = "";
			projectRoot = "";
			targets = (
				2A2B3C0000000000000001EE /* MarkdownEngineDemoiOS */,
			);
		};
/* End PBXProject section */

/* Begin PBXResourcesBuildPhase section */
		2A2B3C0000000000000003CC /* Resources */ = {
			isa = PBXResourcesBuildPhase;
			buildActionMask = 2147483647;
			files = (
			);
			runOnlyForDeploymentPostprocessing = 0;
		};
/* End PBXResourcesBuildPhase section */

/* Begin PBXSourcesBuildPhase section */
		2A2B3C0000000000000003AA /* Sources */ = {
			isa = PBXSourcesBuildPhase;
			buildActionMask = 2147483647;
			files = (
				2A2B3C0000000000000004BB /* MarkdownEngineDemoiOSApp.swift in Sources */,
				2A2B3C0000000000000005BB /* ContentView.swift in Sources */,
			);
			runOnlyForDeploymentPostprocessing = 0;
		};
/* End PBXSourcesBuildPhase section */

/* Begin XCBuildConfiguration section */
		2A2B3C0000000000000002BB /* Debug */ = {
			isa = XCBuildConfiguration;
			buildSettings = {
				ASSETCATALOG_COMPILER_GLOBAL_ACCENT_COLOR_NAME = AccentColor;
				CODE_SIGN_STYLE = Automatic;
				CURRENT_PROJECT_VERSION = 1;
				ENABLE_PREVIEWS = YES;
				GENERATE_INFOPLIST_FILE = YES;
				INFOPLIST_KEY_CFBundleDisplayName = "MarkdownEngine iOS";
				INFOPLIST_KEY_UIApplicationSceneManifest_Generation = YES;
				INFOPLIST_KEY_UIApplicationSupportsIndirectInputEvents = YES;
				INFOPLIST_KEY_UILaunchScreen_Generation = YES;
				INFOPLIST_KEY_UISupportedInterfaceOrientations = "UIInterfaceOrientationPortrait UIInterfaceOrientationLandscapeLeft UIInterfaceOrientationLandscapeRight";
				INFOPLIST_KEY_UISupportedInterfaceOrientations_iPad = "UIInterfaceOrientationPortrait UIInterfaceOrientationPortraitUpsideDown UIInterfaceOrientationLandscapeLeft UIInterfaceOrientationLandscapeRight";
				IPHONEOS_DEPLOYMENT_TARGET = 16.0;
				LD_RUNPATH_SEARCH_PATHS = (
					"$(inherited)",
					"@executable_path/Frameworks",
				);
				MARKETING_VERSION = 1.0;
				PRODUCT_BUNDLE_IDENTIFIER = "com.nodes-app.MarkdownEngineDemoiOS";
				PRODUCT_NAME = "$(TARGET_NAME)";
				SWIFT_EMIT_LOC_STRINGS = YES;
				SWIFT_VERSION = 5.0;
				TARGETED_DEVICE_FAMILY = "1,2";
			};
			name = Debug;
		};
		2A2B3C0000000000000002CC /* Release */ = {
			isa = XCBuildConfiguration;
			buildSettings = {
				ASSETCATALOG_COMPILER_GLOBAL_ACCENT_COLOR_NAME = AccentColor;
				CODE_SIGN_STYLE = Automatic;
				CURRENT_PROJECT_VERSION = 1;
				ENABLE_PREVIEWS = YES;
				GENERATE_INFOPLIST_FILE = YES;
				INFOPLIST_KEY_CFBundleDisplayName = "MarkdownEngine iOS";
				INFOPLIST_KEY_UIApplicationSceneManifest_Generation = YES;
				INFOPLIST_KEY_UIApplicationSupportsIndirectInputEvents = YES;
				INFOPLIST_KEY_UILaunchScreen_Generation = YES;
				INFOPLIST_KEY_UISupportedInterfaceOrientations = "UIInterfaceOrientationPortrait UIInterfaceOrientationLandscapeLeft UIInterfaceOrientationLandscapeRight";
				INFOPLIST_KEY_UISupportedInterfaceOrientations_iPad = "UIInterfaceOrientationPortrait UIInterfaceOrientationPortraitUpsideDown UIInterfaceOrientationLandscapeLeft UIInterfaceOrientationLandscapeRight";
				IPHONEOS_DEPLOYMENT_TARGET = 16.0;
				LD_RUNPATH_SEARCH_PATHS = (
					"$(inherited)",
					"@executable_path/Frameworks",
				);
				MARKETING_VERSION = 1.0;
				PRODUCT_BUNDLE_IDENTIFIER = "com.nodes-app.MarkdownEngineDemoiOS";
				PRODUCT_NAME = "$(TARGET_NAME)";
				SWIFT_EMIT_LOC_STRINGS = YES;
				SWIFT_VERSION = 5.0;
				TARGETED_DEVICE_FAMILY = "1,2";
			};
			name = Release;
		};
		2A2B3C0000000000000002DD /* Debug */ = {
			isa = XCBuildConfiguration;
			buildSettings = {
				ALWAYS_SEARCH_USER_PATHS = NO;
				CLANG_ANALYZER_NONNULL = YES;
				CLANG_ANALYZER_NUMBER_OBJECT_CONVERSION = YES_AGGRESSIVE;
				CLANG_ENABLE_MODULES = YES;
				CLANG_ENABLE_OBJC_ARC = YES;
				CLANG_ENABLE_OBJC_WEAK = YES;
				CLANG_WARN_BOOL_CONVERSION = YES;
				CLANG_WARN_CONSTANT_CONVERSION = YES;
				CLANG_WARN_DOCUMENTATION_COMMENTS = YES;
				CLANG_WARN_EMPTY_BODY = YES;
				CLANG_WARN_ENUM_CONVERSION = YES;
				CLANG_WARN_INFINITE_RECURSION = YES;
				CLANG_WARN_INT_CONVERSION = YES;
				CLANG_WARN_UNREACHABLE_CODE = YES;
				COPY_PHASE_STRIP = NO;
				DEBUG_INFORMATION_FORMAT = dwarf;
				ENABLE_STRICT_OBJC_MSGSEND = YES;
				ENABLE_TESTABILITY = YES;
				ENABLE_USER_SCRIPT_SANDBOXING = YES;
				GCC_C_LANGUAGE_STANDARD = gnu17;
				GCC_DYNAMIC_NO_PIC = NO;
				GCC_NO_COMMON_BLOCKS = YES;
				GCC_OPTIMIZATION_LEVEL = 0;
				GCC_PREPROCESSOR_DEFINITIONS = (
					"DEBUG=1",
					"$(inherited)",
				);
				GCC_WARN_ABOUT_RETURN_TYPE = YES_ERROR;
				GCC_WARN_UNINITIALIZED_AUTOS = YES_AGGRESSIVE;
				GCC_WARN_UNUSED_FUNCTION = YES;
				GCC_WARN_UNUSED_VARIABLE = YES;
				IPHONEOS_DEPLOYMENT_TARGET = 16.0;
				MTL_ENABLE_DEBUG_INFO = INCLUDE_SOURCE;
				MTL_FAST_MATH = YES;
				ONLY_ACTIVE_ARCH = YES;
				SDKROOT = iphoneos;
				SWIFT_ACTIVE_COMPILATION_CONDITIONS = "DEBUG $(inherited)";
				SWIFT_OPTIMIZATION_LEVEL = "-Onone";
			};
			name = Debug;
		};
		2A2B3C0000000000000002EE /* Release */ = {
			isa = XCBuildConfiguration;
			buildSettings = {
				ALWAYS_SEARCH_USER_PATHS = NO;
				CLANG_ANALYZER_NONNULL = YES;
				CLANG_ANALYZER_NUMBER_OBJECT_CONVERSION = YES_AGGRESSIVE;
				CLANG_ENABLE_MODULES = YES;
				CLANG_ENABLE_OBJC_ARC = YES;
				CLANG_ENABLE_OBJC_WEAK = YES;
				CLANG_WARN_BOOL_CONVERSION = YES;
				CLANG_WARN_CONSTANT_CONVERSION = YES;
				CLANG_WARN_DOCUMENTATION_COMMENTS = YES;
				CLANG_WARN_EMPTY_BODY = YES;
				CLANG_WARN_ENUM_CONVERSION = YES;
				CLANG_WARN_INFINITE_RECURSION = YES;
				CLANG_WARN_INT_CONVERSION = YES;
				CLANG_WARN_UNREACHABLE_CODE = YES;
				COPY_PHASE_STRIP = NO;
				DEBUG_INFORMATION_FORMAT = "dwarf-with-dsym";
				ENABLE_NS_ASSERTIONS = NO;
				ENABLE_STRICT_OBJC_MSGSEND = YES;
				ENABLE_USER_SCRIPT_SANDBOXING = YES;
				GCC_C_LANGUAGE_STANDARD = gnu17;
				GCC_NO_COMMON_BLOCKS = YES;
				GCC_WARN_ABOUT_RETURN_TYPE = YES_ERROR;
				GCC_WARN_UNINITIALIZED_AUTOS = YES_AGGRESSIVE;
				GCC_WARN_UNUSED_FUNCTION = YES;
				GCC_WARN_UNUSED_VARIABLE = YES;
				IPHONEOS_DEPLOYMENT_TARGET = 16.0;
				MTL_ENABLE_DEBUG_INFO = NO;
				MTL_FAST_MATH = YES;
				SDKROOT = iphoneos;
				SWIFT_COMPILATION_MODE = wholemodule;
			};
			name = Release;
		};
/* End XCBuildConfiguration section */

/* Begin XCConfigurationList section */
		2A2B3C0000000000000001FF /* Build configuration list for PBXNativeTarget "MarkdownEngineDemoiOS" */ = {
			isa = XCConfigurationList;
			buildConfigurations = (
				2A2B3C0000000000000002BB /* Debug */,
				2A2B3C0000000000000002CC /* Release */,
			);
			defaultConfigurationIsVisible = 0;
			defaultConfigurationName = Release;
		};
		2A2B3C0000000000000002AA /* Build configuration list for PBXProject "MarkdownEngineDemoiOS" */ = {
			isa = XCConfigurationList;
			buildConfigurations = (
				2A2B3C0000000000000002DD /* Debug */,
				2A2B3C0000000000000002EE /* Release */,
			);
			defaultConfigurationIsVisible = 0;
			defaultConfigurationName = Release;
		};
/* End XCConfigurationList section */

/* Begin XCLocalSwiftPackageReference section */
		2A2B3C0000000000000007AA /* XCLocalSwiftPackageReference ".." */ = {
			isa = XCLocalSwiftPackageReference;
			relativePath = ..;
		};
/* End XCLocalSwiftPackageReference section */

/* Begin XCSwiftPackageProductDependency section */
		2A2B3C0000000000000007BB /* MarkdownEngine */ = {
			isa = XCSwiftPackageProductDependency;
			productName = MarkdownEngine;
		};
		2A2B3C0000000000000008BB /* MarkdownEngineCodeBlocks */ = {
			isa = XCSwiftPackageProductDependency;
			productName = MarkdownEngineCodeBlocks;
		};
		2A2B3C0000000000000009BB /* MarkdownEngineLatex */ = {
			isa = XCSwiftPackageProductDependency;
			productName = MarkdownEngineLatex;
		};
/* End XCSwiftPackageProductDependency section */
	};
	rootObject = 2A2B3C0000000000000001AA /* Project object */;
}
